// !$*UTF8*$!
{
	archiveVersion = 1;
	classes = {
	};
	objectVersion = 50;
	objects = {

/* Begin PBXBuildFile section */
		9F09E89623718CCE004E4AFB /* main.swift in Sources */ = {isa = PBXBuildFile; fileRef = 9F09E89523718CCE004E4AFB /* main.swift */; };
		9F09E8A323719238004E4AFB /* StandardAlgorithmsTests.swift in Sources */ = {isa = PBXBuildFile; fileRef = 9F09E8A223719238004E4AFB /* StandardAlgorithmsTests.swift */; };
		9FCD191A23743DB500811482 /* SortingTest.swift in Sources */ = {isa = PBXBuildFile; fileRef = 9FCD191923743DB500811482 /* SortingTest.swift */; };
		9FCD191C23743F0800811482 /* Sorting.swift in Sources */ = {isa = PBXBuildFile; fileRef = 9FCD191B23743F0800811482 /* Sorting.swift */; };
		9FCD191D23743F3D00811482 /* Sorting.swift in Sources */ = {isa = PBXBuildFile; fileRef = 9FCD191B23743F0800811482 /* Sorting.swift */; };
/* End PBXBuildFile section */

/* Begin PBXCopyFilesBuildPhase section */
		9F09E89023718CCE004E4AFB /* CopyFiles */ = {
			isa = PBXCopyFilesBuildPhase;
			buildActionMask = 2147483647;
			dstPath = /usr/share/man/man1/;
			dstSubfolderSpec = 0;
			files = (
			);
			runOnlyForDeploymentPostprocessing = 1;
		};
/* End PBXCopyFilesBuildPhase section */

/* Begin PBXFileReference section */
		9F09E89223718CCE004E4AFB /* Standard Algorithms */ = {isa = PBXFileReference; explicitFileType = "compiled.mach-o.executable"; includeInIndex = 0; path = "Standard Algorithms"; sourceTree = BUILT_PRODUCTS_DIR; };
		9F09E89523718CCE004E4AFB /* main.swift */ = {isa = PBXFileReference; lastKnownFileType = sourcecode.swift; path = main.swift; sourceTree = "<group>"; };
		9F09E8A023719238004E4AFB /* StandardAlgorithmsTests.xctest */ = {isa = PBXFileReference; explicitFileType = wrapper.cfbundle; includeInIndex = 0; path = StandardAlgorithmsTests.xctest; sourceTree = BUILT_PRODUCTS_DIR; };
		9F09E8A223719238004E4AFB /* StandardAlgorithmsTests.swift */ = {isa = PBXFileReference; lastKnownFileType = sourcecode.swift; path = StandardAlgorithmsTests.swift; sourceTree = "<group>"; };
		9F09E8A423719238004E4AFB /* Info.plist */ = {isa = PBXFileReference; lastKnownFileType = text.plist.xml; path = Info.plist; sourceTree = "<group>"; };
		9FCD191923743DB500811482 /* SortingTest.swift */ = {isa = PBXFileReference; lastKnownFileType = sourcecode.swift; path = SortingTest.swift; sourceTree = "<group>"; };
		9FCD191B23743F0800811482 /* Sorting.swift */ = {isa = PBXFileReference; lastKnownFileType = sourcecode.swift; path = Sorting.swift; sourceTree = "<group>"; };
/* End PBXFileReference section */

/* Begin PBXFrameworksBuildPhase section */
		9F09E88F23718CCE004E4AFB /* Frameworks */ = {
			isa = PBXFrameworksBuildPhase;
			buildActionMask = 2147483647;
			files = (
			);
			runOnlyForDeploymentPostprocessing = 0;
		};
		9F09E89D23719238004E4AFB /* Frameworks */ = {
			isa = PBXFrameworksBuildPhase;
			buildActionMask = 2147483647;
			files = (
			);
			runOnlyForDeploymentPostprocessing = 0;
		};
/* End PBXFrameworksBuildPhase section */

/* Begin PBXGroup section */
		9F09E88923718CCE004E4AFB = {
			isa = PBXGroup;
			children = (
				9F09E89423718CCE004E4AFB /* Standard Algorithms */,
				9F09E8A123719238004E4AFB /* StandardAlgorithmsTests */,
				9F09E89323718CCE004E4AFB /* Products */,
			);
			sourceTree = "<group>";
		};
		9F09E89323718CCE004E4AFB /* Products */ = {
			isa = PBXGroup;
			children = (
				9F09E89223718CCE004E4AFB /* Standard Algorithms */,
				9F09E8A023719238004E4AFB /* StandardAlgorithmsTests.xctest */,
			);
			name = Products;
			sourceTree = "<group>";
		};
		9F09E89423718CCE004E4AFB /* Standard Algorithms */ = {
			isa = PBXGroup;
			children = (
				9F09E89523718CCE004E4AFB /* main.swift */,
				9FCD191B23743F0800811482 /* Sorting.swift */,
			);
			path = "Standard Algorithms";
			sourceTree = "<group>";
		};
		9F09E8A123719238004E4AFB /* StandardAlgorithmsTests */ = {
			isa = PBXGroup;
			children = (
				9F09E8A223719238004E4AFB /* StandardAlgorithmsTests.swift */,
				9FCD191923743DB500811482 /* SortingTest.swift */,
				9F09E8A423719238004E4AFB /* Info.plist */,
			);
			path = StandardAlgorithmsTests;
			sourceTree = "<group>";
		};
/* End PBXGroup section */

/* Begin PBXNativeTarget section */
		9F09E89123718CCE004E4AFB /* Standard Algorithms */ = {
			isa = PBXNativeTarget;
			buildConfigurationList = 9F09E89923718CCE004E4AFB /* Build configuration list for PBXNativeTarget "Standard Algorithms" */;
			buildPhases = (
				9F09E88E23718CCE004E4AFB /* Sources */,
				9F09E88F23718CCE004E4AFB /* Frameworks */,
				9F09E89023718CCE004E4AFB /* CopyFiles */,
			);
			buildRules = (
			);
			dependencies = (
			);
			name = "Standard Algorithms";
			productName = "Standard Algorithms";
			productReference = 9F09E89223718CCE004E4AFB /* Standard Algorithms */;
			productType = "com.apple.product-type.tool";
		};
		9F09E89F23719238004E4AFB /* StandardAlgorithmsTests */ = {
			isa = PBXNativeTarget;
			buildConfigurationList = 9F09E8A523719238004E4AFB /* Build configuration list for PBXNativeTarget "StandardAlgorithmsTests" */;
			buildPhases = (
				9F09E89C23719238004E4AFB /* Sources */,
				9F09E89D23719238004E4AFB /* Frameworks */,
				9F09E89E23719238004E4AFB /* Resources */,
			);
			buildRules = (
			);
			dependencies = (
			);
			name = StandardAlgorithmsTests;
			productName = StandardAlgorithmsTests;
			productReference = 9F09E8A023719238004E4AFB /* StandardAlgorithmsTests.xctest */;
			productType = "com.apple.product-type.bundle.unit-test";
		};
/* End PBXNativeTarget section */

/* Begin PBXProject section */
		9F09E88A23718CCE004E4AFB /* Project object */ = {
			isa = PBXProject;
			attributes = {
				LastSwiftUpdateCheck = 1120;
				LastUpgradeCheck = 1120;
				ORGANIZATIONNAME = "Vlasto, Benedict (JDN)";
				TargetAttributes = {
					9F09E89123718CCE004E4AFB = {
						CreatedOnToolsVersion = 11.2;
					};
					9F09E89F23719238004E4AFB = {
						CreatedOnToolsVersion = 11.2;
					};
				};
			};
			buildConfigurationList = 9F09E88D23718CCE004E4AFB /* Build configuration list for PBXProject "Standard Algorithms" */;
			compatibilityVersion = "Xcode 9.3";
			developmentRegion = en;
			hasScannedForEncodings = 0;
			knownRegions = (
				en,
				Base,
			);
			mainGroup = 9F09E88923718CCE004E4AFB;
			productRefGroup = 9F09E89323718CCE004E4AFB /* Products */;
			projectDirPath = "";
			projectRoot = "";
			targets = (
				9F09E89123718CCE004E4AFB /* Standard Algorithms */,
				9F09E89F23719238004E4AFB /* StandardAlgorithmsTests */,
			);
		};
/* End PBXProject section */

/* Begin PBXResourcesBuildPhase section */
		9F09E89E23719238004E4AFB /* Resources */ = {
			isa = PBXResourcesBuildPhase;
			buildActionMask = 2147483647;
			files = (
			);
			runOnlyForDeploymentPostprocessing = 0;
		};
/* End PBXResourcesBuildPhase section */

/* Begin PBXSourcesBuildPhase section */
		9F09E88E23718CCE004E4AFB /* Sources */ = {
			isa = PBXSourcesBuildPhase;
			buildActionMask = 2147483647;
			files = (
				9FCD191C23743F0800811482 /* Sorting.swift in Sources */,
				9F09E89623718CCE004E4AFB /* main.swift in Sources */,
			);
			runOnlyForDeploymentPostprocessing = 0;
		};
		9F09E89C23719238004E4AFB /* Sources */ = {
			isa = PBXSourcesBuildPhase;
			buildActionMask = 2147483647;
			files = (
				9FCD191D23743F3D00811482 /* Sorting.swift in Sources */,
				9F09E8A323719238004E4AFB /* StandardAlgorithmsTests.swift in Sources */,
				9FCD191A23743DB500811482 /* SortingTest.swift in Sources */,
			);
			runOnlyForDeploymentPostprocessing = 0;
		};
/* End PBXSourcesBuildPhase section */

/* Begin XCBuildConfiguration section */
		9F09E89723718CCE004E4AFB /* Debug */ = {
			isa = XCBuildConfiguration;
			buildSettings = {
				ALWAYS_SEARCH_USER_PATHS = NO;
				CLANG_ANALYZER_NONNULL = YES;
				CLANG_ANALYZER_NUMBER_OBJECT_CONVERSION = YES_AGGRESSIVE;
				CLANG_CXX_LANGUAGE_STANDARD = "gnu++14";
				CLANG_CXX_LIBRARY = "libc++";
				CLANG_ENABLE_MODULES = YES;
				CLANG_ENABLE_OBJC_ARC = YES;
				CLANG_ENABLE_OBJC_WEAK = YES;
				CLANG_WARN_BLOCK_CAPTURE_AUTORELEASING = YES;
				CLANG_WARN_BOOL_CONVERSION = YES;
				CLANG_WARN_COMMA = YES;
				CLANG_WARN_CONSTANT_CONVERSION = YES;
				CLANG_WARN_DEPRECATED_OBJC_IMPLEMENTATIONS = YES;
				CLANG_WARN_DIRECT_OBJC_ISA_USAGE = YES_ERROR;
				CLANG_WARN_DOCUMENTATION_COMMENTS = YES;
				CLANG_WARN_EMPTY_BODY = YES;
				CLANG_WARN_ENUM_CONVERSION = YES;
				CLANG_WARN_INFINITE_RECURSION = YES;
				CLANG_WARN_INT_CONVERSION = YES;
				CLANG_WARN_NON_LITERAL_NULL_CONVERSION = YES;
				CLANG_WARN_OBJC_IMPLICIT_RETAIN_SELF = YES;
				CLANG_WARN_OBJC_LITERAL_CONVERSION = YES;
				CLANG_WARN_OBJC_ROOT_CLASS = YES_ERROR;
				CLANG_WARN_RANGE_LOOP_ANALYSIS = YES;
				CLANG_WARN_STRICT_PROTOTYPES = YES;
				CLANG_WARN_SUSPICIOUS_MOVE = YES;
				CLANG_WARN_UNGUARDED_AVAILABILITY = YES_AGGRESSIVE;
				CLANG_WARN_UNREACHABLE_CODE = YES;
				CLANG_WARN__DUPLICATE_METHOD_MATCH = YES;
				COPY_PHASE_STRIP = NO;
				DEBUG_INFORMATION_FORMAT = dwarf;
				ENABLE_STRICT_OBJC_MSGSEND = YES;
				ENABLE_TESTABILITY = YES;
				GCC_C_LANGUAGE_STANDARD = gnu11;
				GCC_DYNAMIC_NO_PIC = NO;
				GCC_NO_COMMON_BLOCKS = YES;
				GCC_OPTIMIZATION_LEVEL = 0;
				GCC_PREPROCESSOR_DEFINITIONS = (
					"DEBUG=1",
					"$(inherited)",
				);
				GCC_WARN_64_TO_32_BIT_CONVERSION = YES;
				GCC_WARN_ABOUT_RETURN_TYPE = YES_ERROR;
				GCC_WARN_UNDECLARED_SELECTOR = YES;
				GCC_WARN_UNINITIALIZED_AUTOS = YES_AGGRESSIVE;
				GCC_WARN_UNUSED_FUNCTION = YES;
				GCC_WARN_UNUSED_VARIABLE = YES;
				MACOSX_DEPLOYMENT_TARGET = 10.14;
				MTL_ENABLE_DEBUG_INFO = INCLUDE_SOURCE;
				MTL_FAST_MATH = YES;
				ONLY_ACTIVE_ARCH = YES;
				SDKROOT = macosx;
				SWIFT_ACTIVE_COMPILATION_CONDITIONS = DEBUG;
				SWIFT_OPTIMIZATION_LEVEL = "-Onone";
			};
			name = Debug;
		};
		9F09E89823718CCE004E4AFB /* Release */ = {
			isa = XCBuildConfiguration;
			buildSettings = {
				ALWAYS_SEARCH_USER_PATHS = NO;
				CLANG_ANALYZER_NONNULL = YES;
				CLANG_ANALYZER_NUMBER_OBJECT_CONVERSION = YES_AGGRESSIVE;
				CLANG_CXX_LANGUAGE_STANDARD = "gnu++14";
				CLANG_CXX_LIBRARY = "libc++";
				CLANG_ENABLE_MODULES = YES;
				CLANG_ENABLE_OBJC_ARC = YES;
				CLANG_ENABLE_OBJC_WEAK = YES;
				CLANG_WARN_BLOCK_CAPTURE_AUTORELEASING = YES;
				CLANG_WARN_BOOL_CONVERSION = YES;
				CLANG_WARN_COMMA = YES;
				CLANG_WARN_CONSTANT_CONVERSION = YES;
				CLANG_WARN_DEPRECATED_OBJC_IMPLEMENTATIONS = YES;
				CLANG_WARN_DIRECT_OBJC_ISA_USAGE = YES_ERROR;
				CLANG_WARN_DOCUMENTATION_COMMENTS = YES;
				CLANG_WARN_EMPTY_BODY = YES;
				CLANG_WARN_ENUM_CONVERSION = YES;
				CLANG_WARN_INFINITE_RECURSION = YES;
				CLANG_WARN_INT_CONVERSION = YES;
				CLANG_WARN_NON_LITERAL_NULL_CONVERSION = YES;
				CLANG_WARN_OBJC_IMPLICIT_RETAIN_SELF = YES;
				CLANG_WARN_OBJC_LITERAL_CONVERSION = YES;
				CLANG_WARN_OBJC_ROOT_CLASS = YES_ERROR;
				CLANG_WARN_RANGE_LOOP_ANALYSIS = YES;
				CLANG_WARN_STRICT_PROTOTYPES = YES;
				CLANG_WARN_SUSPICIOUS_MOVE = YES;
				CLANG_WARN_UNGUARDED_AVAILABILITY = YES_AGGRESSIVE;
				CLANG_WARN_UNREACHABLE_CODE = YES;
				CLANG_WARN__DUPLICATE_METHOD_MATCH = YES;
				COPY_PHASE_STRIP = NO;
				DEBUG_INFORMATION_FORMAT = "dwarf-with-dsym";
				ENABLE_NS_ASSERTIONS = NO;
				ENABLE_STRICT_OBJC_MSGSEND = YES;
				GCC_C_LANGUAGE_STANDARD = gnu11;
				GCC_NO_COMMON_BLOCKS = YES;
				GCC_WARN_64_TO_32_BIT_CONVERSION = YES;
				GCC_WARN_ABOUT_RETURN_TYPE = YES_ERROR;
				GCC_WARN_UNDECLARED_SELECTOR = YES;
				GCC_WARN_UNINITIALIZED_AUTOS = YES_AGGRESSIVE;
				GCC_WARN_UNUSED_FUNCTION = YES;
				GCC_WARN_UNUSED_VARIABLE = YES;
				MACOSX_DEPLOYMENT_TARGET = 10.14;
				MTL_ENABLE_DEBUG_INFO = NO;
				MTL_FAST_MATH = YES;
				SDKROOT = macosx;
				SWIFT_COMPILATION_MODE = wholemodule;
				SWIFT_OPTIMIZATION_LEVEL = "-O";
			};
			name = Release;
		};
		9F09E89A23718CCE004E4AFB /* Debug */ = {
			isa = XCBuildConfiguration;
			buildSettings = {
				CODE_SIGN_STYLE = Automatic;
				PRODUCT_NAME = "$(TARGET_NAME)";
				SWIFT_VERSION = 5.0;
			};
			name = Debug;
		};
		9F09E89B23718CCE004E4AFB /* Release */ = {
			isa = XCBuildConfiguration;
			buildSettings = {
				CODE_SIGN_STYLE = Automatic;
				PRODUCT_NAME = "$(TARGET_NAME)";
				SWIFT_VERSION = 5.0;
			};
			name = Release;
		};
		9F09E8A623719238004E4AFB /* Debug */ = {
			isa = XCBuildConfiguration;
			buildSettings = {
				CODE_SIGN_STYLE = Automatic;
				COMBINE_HIDPI_IMAGES = YES;
				INFOPLIST_FILE = StandardAlgorithmsTests/Info.plist;
				LD_RUNPATH_SEARCH_PATHS = (
					"$(inherited)",
					"@executable_path/../Frameworks",
					"@loader_path/../Frameworks",
				);
				PRODUCT_BUNDLE_IDENTIFIER = com.BeanVlasto.StandardAlgorithmsTests;
				PRODUCT_NAME = "$(TARGET_NAME)";
				SWIFT_VERSION = 5.0;
			};
			name = Debug;
		};
		9F09E8A723719238004E4AFB /* Release */ = {
			isa = XCBuildConfiguration;
			buildSettings = {
				CODE_SIGN_STYLE = Automatic;
				COMBINE_HIDPI_IMAGES = YES;
				INFOPLIST_FILE = StandardAlgorithmsTests/Info.plist;
				LD_RUNPATH_SEARCH_PATHS = (
					"$(inherited)",
					"@executable_path/../Frameworks",
					"@loader_path/../Frameworks",
				);
				PRODUCT_BUNDLE_IDENTIFIER = com.BeanVlasto.StandardAlgorithmsTests;
				PRODUCT_NAME = "$(TARGET_NAME)";
				SWIFT_VERSION = 5.0;
			};
			name = Release;
		};
/* End XCBuildConfiguration section */

/* Begin XCConfigurationList section */
		9F09E88D23718CCE004E4AFB /* Build configuration list for PBXProject "Standard Algorithms" */ = {
			isa = XCConfigurationList;
			buildConfigurations = (
				9F09E89723718CCE004E4AFB /* Debug */,
				9F09E89823718CCE004E4AFB /* Release */,
			);
			defaultConfigurationIsVisible = 0;
			defaultConfigurationName = Release;
		};
		9F09E89923718CCE004E4AFB /* Build configuration list for PBXNativeTarget "Standard Algorithms" */ = {
			isa = XCConfigurationList;
			buildConfigurations = (
				9F09E89A23718CCE004E4AFB /* Debug */,
				9F09E89B23718CCE004E4AFB /* Release */,
			);
			defaultConfigurationIsVisible = 0;
			defaultConfigurationName = Release;
		};
		9F09E8A523719238004E4AFB /* Build configuration list for PBXNativeTarget "StandardAlgorithmsTests" */ = {
			isa = XCConfigurationList;
			buildConfigurations = (
				9F09E8A623719238004E4AFB /* Debug */,
				9F09E8A723719238004E4AFB /* Release */,
			);
			defaultConfigurationIsVisible = 0;
			defaultConfigurationName = Release;
		};
/* End XCConfigurationList section */
	};
	rootObject = 9F09E88A23718CCE004E4AFB /* Project object */;
}
